
Microsoft Visual Studio Solution File, Format Version 12.00
# Visual Studio 14
VisualStudioVersion = 14.0.24720.0
MinimumVisualStudioVersion = 10.0.40219.1
Project("{FAE04EC0-301F-11D3-BF4B-00C04F79EFBC}") = "PolynomLib", "PolynomLib\PolynomLib.csproj", "{3801010A-39E1-4298-A155-4A34483DEF7E}"
EndProject
Project("{FAE04EC0-301F-11D3-BF4B-00C04F79EFBC}") = "Polynomial.NUnit.Test", "Polynomial.NUnit.Test\Polynomial.NUnit.Test.csproj", "{886E5CAC-4D17-419F-9E97-AE8BFAA883C5}"
EndProject
Global
	GlobalSection(SolutionConfigurationPlatforms) = preSolution
		Debug|Any CPU = Debug|Any CPU
		Release|Any CPU = Release|Any CPU
	EndGlobalSection
	GlobalSection(ProjectConfigurationPlatforms) = postSolution
		{3801010A-39E1-4298-A155-4A34483DEF7E}.Debug|Any CPU.ActiveCfg = Debug|Any CPU
		{3801010A-39E1-4298-A155-4A34483DEF7E}.Debug|Any CPU.Build.0 = Debug|Any CPU
		{3801010A-39E1-4298-A155-4A34483DEF7E}.Release|Any CPU.ActiveCfg = Release|Any CPU
		{3801010A-39E1-4298-A155-4A34483DEF7E}.Release|Any CPU.Build.0 = Release|Any CPU
		{886E5CAC-4D17-419F-9E97-AE8BFAA883C5}.Debug|Any CPU.ActiveCfg = Debug|Any CPU
		{886E5CAC-4D17-419F-9E97-AE8BFAA883C5}.Debug|Any CPU.Build.0 = Debug|Any CPU
		{886E5CAC-4D17-419F-9E97-AE8BFAA883C5}.Release|Any CPU.ActiveCfg = Release|Any CPU
		{886E5CAC-4D17-419F-9E97-AE8BFAA883C5}.Release|Any CPU.Build.0 = Release|Any CPU
	EndGlobalSection
	GlobalSection(SolutionProperties) = preSolution
		HideSolutionNode = FALSE
	EndGlobalSection
EndGlobal
